
Microsoft Visual Studio Solution File, Format Version 12.00
# Visual Studio Version 17
VisualStudioVersion = 17.4.33103.184
MinimumVisualStudioVersion = 10.0.40219.1
Project("{9A19103F-16F7-4668-BE54-9A1E7A4F7556}") = "WiredBrainCoffee.ShopinfoToo", "WiredBrainCoffee.ShopinfoToo.csproj", "{EF03C1CA-BF18-4280-BF28-75B09A14F8B9}"
EndProject
Project("{FAE04EC0-301F-11D3-BF4B-00C04F79EFBC}") = "WiredBrainCoffee.DataAccess", "..\WiredBrainCoffee.DataAccess\WiredBrainCoffee.DataAccess.csproj", "{9BEF3863-DE07-481F-A070-5AC0C2C8EFAE}"
EndProject
Global
	GlobalSection(SolutionConfigurationPlatforms) = preSolution
		Debug|Any CPU = Debug|Any CPU
		Release|Any CPU = Release|Any CPU
	EndGlobalSection
	GlobalSection(ProjectConfigurationPlatforms) = postSolution
		{EF03C1CA-BF18-4280-BF28-75B09A14F8B9}.Debug|Any CPU.ActiveCfg = Debug|Any CPU
		{EF03C1CA-BF18-4280-BF28-75B09A14F8B9}.Debug|Any CPU.Build.0 = Debug|Any CPU
		{EF03C1CA-BF18-4280-BF28-75B09A14F8B9}.Release|Any CPU.ActiveCfg = Release|Any CPU
		{EF03C1CA-BF18-4280-BF28-75B09A14F8B9}.Release|Any CPU.Build.0 = Release|Any CPU
		{9BEF3863-DE07-481F-A070-5AC0C2C8EFAE}.Debug|Any CPU.ActiveCfg = Debug|Any CPU
		{9BEF3863-DE07-481F-A070-5AC0C2C8EFAE}.Debug|Any CPU.Build.0 = Debug|Any CPU
		{9BEF3863-DE07-481F-A070-5AC0C2C8EFAE}.Release|Any CPU.ActiveCfg = Release|Any CPU
		{9BEF3863-DE07-481F-A070-5AC0C2C8EFAE}.Release|Any CPU.Build.0 = Release|Any CPU
	EndGlobalSection
	GlobalSection(SolutionProperties) = preSolution
		HideSolutionNode = FALSE
	EndGlobalSection
	GlobalSection(ExtensibilityGlobals) = postSolution
		SolutionGuid = {DE11DAA7-ED6B-48A8-B372-3890439AE06B}
	EndGlobalSection
EndGlobal
